
Microsoft Visual Studio Solution File, Format Version 12.00
# Visual Studio Version 17
VisualStudioVersion = 17.8.34316.72
MinimumVisualStudioVersion = 10.0.40219.1
Project("{9A19103F-16F7-4668-BE54-9A1E7A4F7556}") = "CawoodClinic.Maui", "CawoodClinic.Maui\CawoodClinic.Maui.csproj", "{0F8480C3-8862-4573-A8D4-F946F1E33026}"
EndProject
Project("{9A19103F-16F7-4668-BE54-9A1E7A4F7556}") = "CawoodClinic.Shared", "CawoodClinic.Shared\CawoodClinic.Shared.csproj", "{5BDEF950-0747-49D0-BAAF-21DB4D5E8797}"
EndProject
Project("{9A19103F-16F7-4668-BE54-9A1E7A4F7556}") = "CawoodClinic.Blazor", "CawoodClinic.Blazor\CawoodClinic.Blazor.csproj", "{EBD92C6A-8C93-42DA-B8C9-E1BB85CAAD72}"
EndProject
Global
	GlobalSection(SolutionConfigurationPlatforms) = preSolution
		Debug|Any CPU = Debug|Any CPU
		Release|Any CPU = Release|Any CPU
	EndGlobalSection
	GlobalSection(ProjectConfigurationPlatforms) = postSolution
		{0F8480C3-8862-4573-A8D4-F946F1E33026}.Debug|Any CPU.ActiveCfg = Debug|Any CPU
		{0F8480C3-8862-4573-A8D4-F946F1E33026}.Debug|Any CPU.Build.0 = Debug|Any CPU
		{0F8480C3-8862-4573-A8D4-F946F1E33026}.Debug|Any CPU.Deploy.0 = Debug|Any CPU
		{0F8480C3-8862-4573-A8D4-F946F1E33026}.Release|Any CPU.ActiveCfg = Release|Any CPU
		{0F8480C3-8862-4573-A8D4-F946F1E33026}.Release|Any CPU.Build.0 = Release|Any CPU
		{0F8480C3-8862-4573-A8D4-F946F1E33026}.Release|Any CPU.Deploy.0 = Release|Any CPU
		{5BDEF950-0747-49D0-BAAF-21DB4D5E8797}.Debug|Any CPU.ActiveCfg = Debug|Any CPU
		{5BDEF950-0747-49D0-BAAF-21DB4D5E8797}.Debug|Any CPU.Build.0 = Debug|Any CPU
		{5BDEF950-0747-49D0-BAAF-21DB4D5E8797}.Release|Any CPU.ActiveCfg = Release|Any CPU
		{5BDEF950-0747-49D0-BAAF-21DB4D5E8797}.Release|Any CPU.Build.0 = Release|Any CPU
		{EBD92C6A-8C93-42DA-B8C9-E1BB85CAAD72}.Debug|Any CPU.ActiveCfg = Debug|Any CPU
		{EBD92C6A-8C93-42DA-B8C9-E1BB85CAAD72}.Debug|Any CPU.Build.0 = Debug|Any CPU
		{EBD92C6A-8C93-42DA-B8C9-E1BB85CAAD72}.Release|Any CPU.ActiveCfg = Release|Any CPU
		{EBD92C6A-8C93-42DA-B8C9-E1BB85CAAD72}.Release|Any CPU.Build.0 = Release|Any CPU
	EndGlobalSection
	GlobalSection(SolutionProperties) = preSolution
		HideSolutionNode = FALSE
	EndGlobalSection
	GlobalSection(ExtensibilityGlobals) = postSolution
		SolutionGuid = {233AD259-4036-464C-9901-09A8E24A366A}
	EndGlobalSection
EndGlobal
